
Microsoft Visual Studio Solution File, Format Version 12.00
# Visual Studio 15
VisualStudioVersion = 15.0.28307.902
MinimumVisualStudioVersion = 10.0.40219.1
Project("{2150E333-8FDC-42A3-9474-1A3956D46DE8}") = "1- Presentation", "1- Presentation", "{80F00A19-C0AB-486B-BBBA-6065C8916C1B}"
EndProject
Project("{2150E333-8FDC-42A3-9474-1A3956D46DE8}") = "2- Application", "2- Application", "{E31F475D-6D0D-46D0-836E-4DA8DDAAF335}"
EndProject
Project("{2150E333-8FDC-42A3-9474-1A3956D46DE8}") = "3- Domain", "3- Domain", "{E9C4BD11-5B3D-4306-8EE2-56C596FB910B}"
EndProject
Project("{2150E333-8FDC-42A3-9474-1A3956D46DE8}") = "4- Infra", "4- Infra", "{53C47B60-7632-478F-83C0-C006F54F2AAC}"
EndProject
Project("{2150E333-8FDC-42A3-9474-1A3956D46DE8}") = "4.1- Data", "4.1- Data", "{8DE00CAD-F949-42CE-BA22-F3221E96CE9B}"
EndProject
Project("{FAE04EC0-301F-11D3-BF4B-00C04F79EFBC}") = "ProjetoModeloDDD.MVC", "ProjetoModeloDDD.MVC\ProjetoModeloDDD.MVC.csproj", "{2651AC52-0D5B-4807-BF30-D1AC3171A0C6}"
EndProject
Project("{FAE04EC0-301F-11D3-BF4B-00C04F79EFBC}") = "ProjetoModeloDDD.Domain", "ProjetoModeloDDD.Domain\ProjetoModeloDDD.Domain.csproj", "{9E5789EB-F0DE-4B4B-AD4A-B2063586C260}"
EndProject
Project("{FAE04EC0-301F-11D3-BF4B-00C04F79EFBC}") = "ProjetoModeloDDD.Application", "ProjetoModeloDDD.Application\ProjetoModeloDDD.Application.csproj", "{04E8E026-4585-4B2A-92A3-028D5C4FF26A}"
EndProject
Project("{FAE04EC0-301F-11D3-BF4B-00C04F79EFBC}") = "ProjetoModeloDDD.Infra.Data", "ProjetoModeloDDD.Infra.Data1\ProjetoModeloDDD.Infra.Data.csproj", "{F710502C-9D62-437A-AC39-BC6FB91AA524}"
EndProject
Global
	GlobalSection(SolutionConfigurationPlatforms) = preSolution
		Debug|Any CPU = Debug|Any CPU
		Release|Any CPU = Release|Any CPU
	EndGlobalSection
	GlobalSection(ProjectConfigurationPlatforms) = postSolution
		{2651AC52-0D5B-4807-BF30-D1AC3171A0C6}.Debug|Any CPU.ActiveCfg = Debug|Any CPU
		{2651AC52-0D5B-4807-BF30-D1AC3171A0C6}.Debug|Any CPU.Build.0 = Debug|Any CPU
		{2651AC52-0D5B-4807-BF30-D1AC3171A0C6}.Release|Any CPU.ActiveCfg = Release|Any CPU
		{2651AC52-0D5B-4807-BF30-D1AC3171A0C6}.Release|Any CPU.Build.0 = Release|Any CPU
		{9E5789EB-F0DE-4B4B-AD4A-B2063586C260}.Debug|Any CPU.ActiveCfg = Debug|Any CPU
		{9E5789EB-F0DE-4B4B-AD4A-B2063586C260}.Debug|Any CPU.Build.0 = Debug|Any CPU
		{9E5789EB-F0DE-4B4B-AD4A-B2063586C260}.Release|Any CPU.ActiveCfg = Release|Any CPU
		{9E5789EB-F0DE-4B4B-AD4A-B2063586C260}.Release|Any CPU.Build.0 = Release|Any CPU
		{04E8E026-4585-4B2A-92A3-028D5C4FF26A}.Debug|Any CPU.ActiveCfg = Debug|Any CPU
		{04E8E026-4585-4B2A-92A3-028D5C4FF26A}.Debug|Any CPU.Build.0 = Debug|Any CPU
		{04E8E026-4585-4B2A-92A3-028D5C4FF26A}.Release|Any CPU.ActiveCfg = Release|Any CPU
		{04E8E026-4585-4B2A-92A3-028D5C4FF26A}.Release|Any CPU.Build.0 = Release|Any CPU
		{F710502C-9D62-437A-AC39-BC6FB91AA524}.Debug|Any CPU.ActiveCfg = Debug|Any CPU
		{F710502C-9D62-437A-AC39-BC6FB91AA524}.Debug|Any CPU.Build.0 = Debug|Any CPU
		{F710502C-9D62-437A-AC39-BC6FB91AA524}.Release|Any CPU.ActiveCfg = Release|Any CPU
		{F710502C-9D62-437A-AC39-BC6FB91AA524}.Release|Any CPU.Build.0 = Release|Any CPU
	EndGlobalSection
	GlobalSection(SolutionProperties) = preSolution
		HideSolutionNode = FALSE
	EndGlobalSection
	GlobalSection(NestedProjects) = preSolution
		{8DE00CAD-F949-42CE-BA22-F3221E96CE9B} = {53C47B60-7632-478F-83C0-C006F54F2AAC}
		{2651AC52-0D5B-4807-BF30-D1AC3171A0C6} = {80F00A19-C0AB-486B-BBBA-6065C8916C1B}
		{9E5789EB-F0DE-4B4B-AD4A-B2063586C260} = {E9C4BD11-5B3D-4306-8EE2-56C596FB910B}
		{04E8E026-4585-4B2A-92A3-028D5C4FF26A} = {E31F475D-6D0D-46D0-836E-4DA8DDAAF335}
		{F710502C-9D62-437A-AC39-BC6FB91AA524} = {8DE00CAD-F949-42CE-BA22-F3221E96CE9B}
	EndGlobalSection
	GlobalSection(ExtensibilityGlobals) = postSolution
		SolutionGuid = {55D3A08A-83C4-4BD2-B030-1DB11E266413}
	EndGlobalSection
EndGlobal
